
Microsoft Visual Studio Solution File, Format Version 12.00
# Visual Studio Version 16
VisualStudioVersion = 16.0.30907.101
MinimumVisualStudioVersion = 10.0.40219.1
Project("{FAE04EC0-301F-11D3-BF4B-00C04F79EFBC}") = "lab5_binaryTree", "lab5_binaryTree\lab5_binaryTree.csproj", "{3D73CD20-3EDE-43EA-A8D2-B2197466384E}"
EndProject
Global
	GlobalSection(SolutionConfigurationPlatforms) = preSolution
		Debug|Any CPU = Debug|Any CPU
		Release|Any CPU = Release|Any CPU
	EndGlobalSection
	GlobalSection(ProjectConfigurationPlatforms) = postSolution
		{3D73CD20-3EDE-43EA-A8D2-B2197466384E}.Debug|Any CPU.ActiveCfg = Debug|Any CPU
		{3D73CD20-3EDE-43EA-A8D2-B2197466384E}.Debug|Any CPU.Build.0 = Debug|Any CPU
		{3D73CD20-3EDE-43EA-A8D2-B2197466384E}.Release|Any CPU.ActiveCfg = Release|Any CPU
		{3D73CD20-3EDE-43EA-A8D2-B2197466384E}.Release|Any CPU.Build.0 = Release|Any CPU
	EndGlobalSection
	GlobalSection(SolutionProperties) = preSolution
		HideSolutionNode = FALSE
	EndGlobalSection
	GlobalSection(ExtensibilityGlobals) = postSolution
		SolutionGuid = {1F43E80B-E18A-4C98-B2F1-C0B14162597B}
	EndGlobalSection
EndGlobal
